<?xml version="1.0" encoding="utf-8"?>
<Project ToolsVersion="17.0" xmlns="http://schemas.microsoft.com/developer/msbuild/2003">
  <ItemGroup>
    <ClCompile Include="C:\brg\code_rust\session\session_cpp\build_no_sse2\CMakeFiles\main_3.dir\cmake_pch.cxx">
      <Filter>Source Files</Filter>
    </ClCompile>
    <ClCompile Include="C:\brg\code_rust\session\session_cpp\main_3.cpp">
      <Filter>Source Files</Filter>
    </ClCompile>
  </ItemGroup>
  <ItemGroup>
    <ClInclude Include="C:\brg\code_rust\session\session_cpp\build_no_sse2\CMakeFiles\main_3.dir\Debug\cmake_pch.hxx">
      <Filter>Precompile Header File</Filter>
    </ClInclude>
    <ClInclude Include="C:\brg\code_rust\session\session_cpp\build_no_sse2\CMakeFiles\main_3.dir\Release\cmake_pch.hxx">
      <Filter>Precompile Header File</Filter>
    </ClInclude>
    <ClInclude Include="C:\brg\code_rust\session\session_cpp\build_no_sse2\CMakeFiles\main_3.dir\MinSizeRel\cmake_pch.hxx">
      <Filter>Precompile Header File</Filter>
    </ClInclude>
    <ClInclude Include="C:\brg\code_rust\session\session_cpp\build_no_sse2\CMakeFiles\main_3.dir\RelWithDebInfo\cmake_pch.hxx">
      <Filter>Precompile Header File</Filter>
    </ClInclude>
  </ItemGroup>
  <ItemGroup>
    <CustomBuild Include="C:\brg\code_rust\session\session_cpp\CMakeLists.txt" />
  </ItemGroup>
  <ItemGroup>
    <Object Include="C:\brg\code_rust\session\session_cpp\build_no_sse2\session_core.dir\$(Configuration)\cmake_pch.obj">
      <Filter>Object Libraries</Filter>
    </Object>
    <Object Include="C:\brg\code_rust\session\session_cpp\build_no_sse2\session_core.dir\$(Configuration)\unity_2_cxx.obj">
      <Filter>Object Libraries</Filter>
    </Object>
    <Object Include="C:\brg\code_rust\session\session_cpp\build_no_sse2\session_core.dir\$(Configuration)\unity_1_cxx.obj">
      <Filter>Object Libraries</Filter>
    </Object>
    <Object Include="C:\brg\code_rust\session\session_cpp\build_no_sse2\session_core.dir\$(Configuration)\unity_0_cxx.obj">
      <Filter>Object Libraries</Filter>
    </Object>
    <Object Include="C:\brg\code_rust\session\session_cpp\build_no_sse2\session_core.dir\$(Configuration)\brep.obj">
      <Filter>Object Libraries</Filter>
    </Object>
    <Object Include="C:\brg\code_rust\session\session_cpp\build_no_sse2\session_core.dir\$(Configuration)\element.obj">
      <Filter>Object Libraries</Filter>
    </Object>
    <Object Include="C:\brg\code_rust\session\session_cpp\build_no_sse2\session_core.dir\$(Configuration)\graph.obj">
      <Filter>Object Libraries</Filter>
    </Object>
    <Object Include="C:\brg\code_rust\session\session_cpp\build_no_sse2\session_core.dir\$(Configuration)\knot.obj">
      <Filter>Object Libraries</Filter>
    </Object>
    <Object Include="C:\brg\code_rust\session\session_cpp\build_no_sse2\session_core.dir\$(Configuration)\mesh.obj">
      <Filter>Object Libraries</Filter>
    </Object>
    <Object Include="C:\brg\code_rust\session\session_cpp\build_no_sse2\session_core.dir\$(Configuration)\mesh_iso.obj">
      <Filter>Object Libraries</Filter>
    </Object>
    <Object Include="C:\brg\code_rust\session\session_cpp\build_no_sse2\session_core.dir\$(Configuration)\nurbscurve.obj">
      <Filter>Object Libraries</Filter>
    </Object>
    <Object Include="C:\brg\code_rust\session\session_cpp\build_no_sse2\session_core.dir\$(Configuration)\nurbssurface.obj">
      <Filter>Object Libraries</Filter>
    </Object>
    <Object Include="C:\brg\code_rust\session\session_cpp\build_no_sse2\session_core.dir\$(Configuration)\session.obj">
      <Filter>Object Libraries</Filter>
    </Object>
    <Object Include="C:\brg\code_rust\session\session_cpp\build_no_sse2\session_core.dir\$(Configuration)\tree.obj">
      <Filter>Object Libraries</Filter>
    </Object>
    <Object Include="C:\brg\code_rust\session\session_cpp\build_no_sse2\session_core.dir\$(Configuration)\treenode.obj">
      <Filter>Object Libraries</Filter>
    </Object>
    <Object Include="C:\brg\code_rust\session\session_cpp\build_no_sse2\session_core.dir\$(Configuration)\trimmedsurface.obj">
      <Filter>Object Libraries</Filter>
    </Object>
  </ItemGroup>
  <ItemGroup>
    <Filter Include="Object Libraries">
      <UniqueIdentifier>{340B10EA-1417-370E-A7A9-A2A63FA80007}</UniqueIdentifier>
    </Filter>
    <Filter Include="Precompile Header File">
      <UniqueIdentifier>{765B5594-1300-33BD-8106-ADE9AE509B60}</UniqueIdentifier>
    </Filter>
    <Filter Include="Source Files">
      <UniqueIdentifier>{7BED5020-6E5D-3E66-B483-C34E11C3822C}</UniqueIdentifier>
    </Filter>
  </ItemGroup>
</Project>
